// !$*UTF8*$!
{
	archiveVersion = 1;
	classes = {
	};
	objectVersion = 56;
	objects = {

/* Begin PBXBuildFile section */
		E5B91963297809DE00433AF7 /* CatalogFavorite.docc in Sources */ = {isa = PBXBuildFile; fileRef = E5B91962297809DE00433AF7 /* CatalogFavorite.docc */; };
		E5B91969297809DE00433AF7 /* CatalogFavorite.framework in Frameworks */ = {isa = PBXBuildFile; fileRef = E5B9195E297809DE00433AF7 /* CatalogFavorite.framework */; };
		E5B9196E297809DE00433AF7 /* CatalogFavoriteTests.swift in Sources */ = {isa = PBXBuildFile; fileRef = E5B9196D297809DE00433AF7 /* CatalogFavoriteTests.swift */; };
		E5B9196F297809DE00433AF7 /* CatalogFavorite.h in Headers */ = {isa = PBXBuildFile; fileRef = E5B91961297809DE00433AF7 /* CatalogFavorite.h */; settings = {ATTRIBUTES = (Public, ); }; };
/* End PBXBuildFile section */

/* Begin PBXContainerItemProxy section */
		E5B9196A297809DE00433AF7 /* PBXContainerItemProxy */ = {
			isa = PBXContainerItemProxy;
			containerPortal = E5B91955297809DE00433AF7 /* Project object */;
			proxyType = 1;
			remoteGlobalIDString = E5B9195D297809DE00433AF7;
			remoteInfo = CatalogFavorite;
		};
/* End PBXContainerItemProxy section */

/* Begin PBXFileReference section */
		E5B9195E297809DE00433AF7 /* CatalogFavorite.framework */ = {isa = PBXFileReference; explicitFileType = wrapper.framework; includeInIndex = 0; path = CatalogFavorite.framework; sourceTree = BUILT_PRODUCTS_DIR; };
		E5B91961297809DE00433AF7 /* CatalogFavorite.h */ = {isa = PBXFileReference; lastKnownFileType = sourcecode.c.h; path = CatalogFavorite.h; sourceTree = "<group>"; };
		E5B91962297809DE00433AF7 /* CatalogFavorite.docc */ = {isa = PBXFileReference; lastKnownFileType = folder.documentationcatalog; path = CatalogFavorite.docc; sourceTree = "<group>"; };
		E5B91968297809DE00433AF7 /* CatalogFavoriteTests.xctest */ = {isa = PBXFileReference; explicitFileType = wrapper.cfbundle; includeInIndex = 0; path = CatalogFavoriteTests.xctest; sourceTree = BUILT_PRODUCTS_DIR; };
		E5B9196D297809DE00433AF7 /* CatalogFavoriteTests.swift */ = {isa = PBXFileReference; lastKnownFileType = sourcecode.swift; path = CatalogFavoriteTests.swift; sourceTree = "<group>"; };
/* End PBXFileReference section */

/* Begin PBXFrameworksBuildPhase section */
		E5B9195B297809DE00433AF7 /* Frameworks */ = {
			isa = PBXFrameworksBuildPhase;
			buildActionMask = 2147483647;
			files = (
			);
			runOnlyForDeploymentPostprocessing = 0;
		};
		E5B91965297809DE00433AF7 /* Frameworks */ = {
			isa = PBXFrameworksBuildPhase;
			buildActionMask = 2147483647;
			files = (
				E5B91969297809DE00433AF7 /* CatalogFavorite.framework in Frameworks */,
			);
			runOnlyForDeploymentPostprocessing = 0;
		};
/* End PBXFrameworksBuildPhase section */

/* Begin PBXGroup section */
		E5B91954297809DE00433AF7 = {
			isa = PBXGroup;
			children = (
				E5B91960297809DE00433AF7 /* CatalogFavorite */,
				E5B9196C297809DE00433AF7 /* CatalogFavoriteTests */,
				E5B9195F297809DE00433AF7 /* Products */,
			);
			sourceTree = "<group>";
		};
		E5B9195F297809DE00433AF7 /* Products */ = {
			isa = PBXGroup;
			children = (
				E5B9195E297809DE00433AF7 /* CatalogFavorite.framework */,
				E5B91968297809DE00433AF7 /* CatalogFavoriteTests.xctest */,
			);
			name = Products;
			sourceTree = "<group>";
		};
		E5B91960297809DE00433AF7 /* CatalogFavorite */ = {
			isa = PBXGroup;
			children = (
				E5B91961297809DE00433AF7 /* CatalogFavorite.h */,
				E5B91962297809DE00433AF7 /* CatalogFavorite.docc */,
			);
			path = CatalogFavorite;
			sourceTree = "<group>";
		};
		E5B9196C297809DE00433AF7 /* CatalogFavoriteTests */ = {
			isa = PBXGroup;
			children = (
				E5B9196D297809DE00433AF7 /* CatalogFavoriteTests.swift */,
			);
			path = CatalogFavoriteTests;
			sourceTree = "<group>";
		};
/* End PBXGroup section */

/* Begin PBXHeadersBuildPhase section */
		E5B91959297809DE00433AF7 /* Headers */ = {
			isa = PBXHeadersBuildPhase;
			buildActionMask = 2147483647;
			files = (
				E5B9196F297809DE00433AF7 /* CatalogFavorite.h in Headers */,
			);
			runOnlyForDeploymentPostprocessing = 0;
		};
/* End PBXHeadersBuildPhase section */

/* Begin PBXNativeTarget section */
		E5B9195D297809DE00433AF7 /* CatalogFavorite */ = {
			isa = PBXNativeTarget;
			buildConfigurationList = E5B91972297809DE00433AF7 /* Build configuration list for PBXNativeTarget "CatalogFavorite" */;
			buildPhases = (
				E5B91959297809DE00433AF7 /* Headers */,
				E5B9195A297809DE00433AF7 /* Sources */,
				E5B9195B297809DE00433AF7 /* Frameworks */,
				E5B9195C297809DE00433AF7 /* Resources */,
			);
			buildRules = (
			);
			dependencies = (
			);
			name = CatalogFavorite;
			productName = CatalogFavorite;
			productReference = E5B9195E297809DE00433AF7 /* CatalogFavorite.framework */;
			productType = "com.apple.product-type.framework";
		};
		E5B91967297809DE00433AF7 /* CatalogFavoriteTests */ = {
			isa = PBXNativeTarget;
			buildConfigurationList = E5B91975297809DE00433AF7 /* Build configuration list for PBXNativeTarget "CatalogFavoriteTests" */;
			buildPhases = (
				E5B91964297809DE00433AF7 /* Sources */,
				E5B91965297809DE00433AF7 /* Frameworks */,
				E5B91966297809DE00433AF7 /* Resources */,
			);
			buildRules = (
			);
			dependencies = (
				E5B9196B297809DE00433AF7 /* PBXTargetDependency */,
			);
			name = CatalogFavoriteTests;
			productName = CatalogFavoriteTests;
			productReference = E5B91968297809DE00433AF7 /* CatalogFavoriteTests.xctest */;
			productType = "com.apple.product-type.bundle.unit-test";
		};
/* End PBXNativeTarget section */

/* Begin PBXProject section */
		E5B91955297809DE00433AF7 /* Project object */ = {
			isa = PBXProject;
			attributes = {
				BuildIndependentTargetsInParallel = 1;
				LastSwiftUpdateCheck = 1420;
				LastUpgradeCheck = 1420;
				TargetAttributes = {
					E5B9195D297809DE00433AF7 = {
						CreatedOnToolsVersion = 14.2;
					};
					E5B91967297809DE00433AF7 = {
						CreatedOnToolsVersion = 14.2;
					};
				};
			};
			buildConfigurationList = E5B91958297809DE00433AF7 /* Build configuration list for PBXProject "CatalogFavorite" */;
			compatibilityVersion = "Xcode 14.0";
			developmentRegion = en;
			hasScannedForEncodings = 0;
			knownRegions = (
				en,
				Base,
			);
			mainGroup = E5B91954297809DE00433AF7;
			productRefGroup = E5B9195F297809DE00433AF7 /* Products */;
			projectDirPath = "";
			projectRoot = "";
			targets = (
				E5B9195D297809DE00433AF7 /* CatalogFavorite */,
				E5B91967297809DE00433AF7 /* CatalogFavoriteTests */,
			);
		};
/* End PBXProject section */

/* Begin PBXResourcesBuildPhase section */
		E5B9195C297809DE00433AF7 /* Resources */ = {
			isa = PBXResourcesBuildPhase;
			buildActionMask = 2147483647;
			files = (
			);
			runOnlyForDeploymentPostprocessing = 0;
		};
		E5B91966297809DE00433AF7 /* Resources */ = {
			isa = PBXResourcesBuildPhase;
			buildActionMask = 2147483647;
			files = (
			);
			runOnlyForDeploymentPostprocessing = 0;
		};
/* End PBXResourcesBuildPhase section */

/* Begin PBXSourcesBuildPhase section */
		E5B9195A297809DE00433AF7 /* Sources */ = {
			isa = PBXSourcesBuildPhase;
			buildActionMask = 2147483647;
			files = (
				E5B91963297809DE00433AF7 /* CatalogFavorite.docc in Sources */,
			);
			runOnlyForDeploymentPostprocessing = 0;
		};
		E5B91964297809DE00433AF7 /* Sources */ = {
			isa = PBXSourcesBuildPhase;
			buildActionMask = 2147483647;
			files = (
				E5B9196E297809DE00433AF7 /* CatalogFavoriteTests.swift in Sources */,
			);
			runOnlyForDeploymentPostprocessing = 0;
		};
/* End PBXSourcesBuildPhase section */

/* Begin PBXTargetDependency section */
		E5B9196B297809DE00433AF7 /* PBXTargetDependency */ = {
			isa = PBXTargetDependency;
			target = E5B9195D297809DE00433AF7 /* CatalogFavorite */;
			targetProxy = E5B9196A297809DE00433AF7 /* PBXContainerItemProxy */;
		};
/* End PBXTargetDependency section */

/* Begin XCBuildConfiguration section */
		E5B91970297809DE00433AF7 /* Debug */ = {
			isa = XCBuildConfiguration;
			buildSettings = {
				ALWAYS_SEARCH_USER_PATHS = NO;
				CLANG_ANALYZER_NONNULL = YES;
				CLANG_ANALYZER_NUMBER_OBJECT_CONVERSION = YES_AGGRESSIVE;
				CLANG_CXX_LANGUAGE_STANDARD = "gnu++20";
				CLANG_ENABLE_MODULES = YES;
				CLANG_ENABLE_OBJC_ARC = YES;
				CLANG_ENABLE_OBJC_WEAK = YES;
				CLANG_WARN_BLOCK_CAPTURE_AUTORELEASING = YES;
				CLANG_WARN_BOOL_CONVERSION = YES;
				CLANG_WARN_COMMA = YES;
				CLANG_WARN_CONSTANT_CONVERSION = YES;
				CLANG_WARN_DEPRECATED_OBJC_IMPLEMENTATIONS = YES;
				CLANG_WARN_DIRECT_OBJC_ISA_USAGE = YES_ERROR;
				CLANG_WARN_DOCUMENTATION_COMMENTS = YES;
				CLANG_WARN_EMPTY_BODY = YES;
				CLANG_WARN_ENUM_CONVERSION = YES;
				CLANG_WARN_INFINITE_RECURSION = YES;
				CLANG_WARN_INT_CONVERSION = YES;
				CLANG_WARN_NON_LITERAL_NULL_CONVERSION = YES;
				CLANG_WARN_OBJC_IMPLICIT_RETAIN_SELF = YES;
				CLANG_WARN_OBJC_LITERAL_CONVERSION = YES;
				CLANG_WARN_OBJC_ROOT_CLASS = YES_ERROR;
				CLANG_WARN_QUOTED_INCLUDE_IN_FRAMEWORK_HEADER = YES;
				CLANG_WARN_RANGE_LOOP_ANALYSIS = YES;
				CLANG_WARN_STRICT_PROTOTYPES = YES;
				CLANG_WARN_SUSPICIOUS_MOVE = YES;
				CLANG_WARN_UNGUARDED_AVAILABILITY = YES_AGGRESSIVE;
				CLANG_WARN_UNREACHABLE_CODE = YES;
				CLANG_WARN__DUPLICATE_METHOD_MATCH = YES;
				COPY_PHASE_STRIP = NO;
				CURRENT_PROJECT_VERSION = 1;
				DEBUG_INFORMATION_FORMAT = dwarf;
				ENABLE_STRICT_OBJC_MSGSEND = YES;
				ENABLE_TESTABILITY = YES;
				GCC_C_LANGUAGE_STANDARD = gnu11;
				GCC_DYNAMIC_NO_PIC = NO;
				GCC_NO_COMMON_BLOCKS = YES;
				GCC_OPTIMIZATION_LEVEL = 0;
				GCC_PREPROCESSOR_DEFINITIONS = (
					"DEBUG=1",
					"$(inherited)",
				);
				GCC_WARN_64_TO_32_BIT_CONVERSION = YES;
				GCC_WARN_ABOUT_RETURN_TYPE = YES_ERROR;
				GCC_WARN_UNDECLARED_SELECTOR = YES;
				GCC_WARN_UNINITIALIZED_AUTOS = YES_AGGRESSIVE;
				GCC_WARN_UNUSED_FUNCTION = YES;
				GCC_WARN_UNUSED_VARIABLE = YES;
				IPHONEOS_DEPLOYMENT_TARGET = 16.2;
				MTL_ENABLE_DEBUG_INFO = INCLUDE_SOURCE;
				MTL_FAST_MATH = YES;
				ONLY_ACTIVE_ARCH = YES;
				SDKROOT = iphoneos;
				SWIFT_ACTIVE_COMPILATION_CONDITIONS = DEBUG;
				SWIFT_OPTIMIZATION_LEVEL = "-Onone";
				VERSIONING_SYSTEM = "apple-generic";
				VERSION_INFO_PREFIX = "";
			};
			name = Debug;
		};
		E5B91971297809DE00433AF7 /* Release */ = {
			isa = XCBuildConfiguration;
			buildSettings = {
				ALWAYS_SEARCH_USER_PATHS = NO;
				CLANG_ANALYZER_NONNULL = YES;
				CLANG_ANALYZER_NUMBER_OBJECT_CONVERSION = YES_AGGRESSIVE;
				CLANG_CXX_LANGUAGE_STANDARD = "gnu++20";
				CLANG_ENABLE_MODULES = YES;
				CLANG_ENABLE_OBJC_ARC = YES;
				CLANG_ENABLE_OBJC_WEAK = YES;
				CLANG_WARN_BLOCK_CAPTURE_AUTORELEASING = YES;
				CLANG_WARN_BOOL_CONVERSION = YES;
				CLANG_WARN_COMMA = YES;
				CLANG_WARN_CONSTANT_CONVERSION = YES;
				CLANG_WARN_DEPRECATED_OBJC_IMPLEMENTATIONS = YES;
				CLANG_WARN_DIRECT_OBJC_ISA_USAGE = YES_ERROR;
				CLANG_WARN_DOCUMENTATION_COMMENTS = YES;
				CLANG_WARN_EMPTY_BODY = YES;
				CLANG_WARN_ENUM_CONVERSION = YES;
				CLANG_WARN_INFINITE_RECURSION = YES;
				CLANG_WARN_INT_CONVERSION = YES;
				CLANG_WARN_NON_LITERAL_NULL_CONVERSION = YES;
				CLANG_WARN_OBJC_IMPLICIT_RETAIN_SELF = YES;
				CLANG_WARN_OBJC_LITERAL_CONVERSION = YES;
				CLANG_WARN_OBJC_ROOT_CLASS = YES_ERROR;
				CLANG_WARN_QUOTED_INCLUDE_IN_FRAMEWORK_HEADER = YES;
				CLANG_WARN_RANGE_LOOP_ANALYSIS = YES;
				CLANG_WARN_STRICT_PROTOTYPES = YES;
				CLANG_WARN_SUSPICIOUS_MOVE = YES;
				CLANG_WARN_UNGUARDED_AVAILABILITY = YES_AGGRESSIVE;
				CLANG_WARN_UNREACHABLE_CODE = YES;
				CLANG_WARN__DUPLICATE_METHOD_MATCH = YES;
				COPY_PHASE_STRIP = NO;
				CURRENT_PROJECT_VERSION = 1;
				DEBUG_INFORMATION_FORMAT = "dwarf-with-dsym";
				ENABLE_NS_ASSERTIONS = NO;
				ENABLE_STRICT_OBJC_MSGSEND = YES;
				GCC_C_LANGUAGE_STANDARD = gnu11;
				GCC_NO_COMMON_BLOCKS = YES;
				GCC_WARN_64_TO_32_BIT_CONVERSION = YES;
				GCC_WARN_ABOUT_RETURN_TYPE = YES_ERROR;
				GCC_WARN_UNDECLARED_SELECTOR = YES;
				GCC_WARN_UNINITIALIZED_AUTOS = YES_AGGRESSIVE;
				GCC_WARN_UNUSED_FUNCTION = YES;
				GCC_WARN_UNUSED_VARIABLE = YES;
				IPHONEOS_DEPLOYMENT_TARGET = 16.2;
				MTL_ENABLE_DEBUG_INFO = NO;
				MTL_FAST_MATH = YES;
				SDKROOT = iphoneos;
				SWIFT_COMPILATION_MODE = wholemodule;
				SWIFT_OPTIMIZATION_LEVEL = "-O";
				VALIDATE_PRODUCT = YES;
				VERSIONING_SYSTEM = "apple-generic";
				VERSION_INFO_PREFIX = "";
			};
			name = Release;
		};
		E5B91973297809DE00433AF7 /* Debug */ = {
			isa = XCBuildConfiguration;
			buildSettings = {
				CODE_SIGN_STYLE = Automatic;
				CURRENT_PROJECT_VERSION = 1;
				DEFINES_MODULE = YES;
				DEVELOPMENT_TEAM = R2D4D7YLB2;
				DYLIB_COMPATIBILITY_VERSION = 1;
				DYLIB_CURRENT_VERSION = 1;
				DYLIB_INSTALL_NAME_BASE = "@rpath";
				GENERATE_INFOPLIST_FILE = YES;
				INFOPLIST_KEY_NSHumanReadableCopyright = "";
				INSTALL_PATH = "$(LOCAL_LIBRARY_DIR)/Frameworks";
				LD_RUNPATH_SEARCH_PATHS = (
					"$(inherited)",
					"@executable_path/Frameworks",
					"@loader_path/Frameworks",
				);
				MARKETING_VERSION = 1.0;
				PRODUCT_BUNDLE_IDENTIFIER = com.dcd.CatalogFavorite;
				PRODUCT_NAME = "$(TARGET_NAME:c99extidentifier)";
				SKIP_INSTALL = YES;
				SWIFT_EMIT_LOC_STRINGS = YES;
				SWIFT_VERSION = 5.0;
				TARGETED_DEVICE_FAMILY = "1,2";
			};
			name = Debug;
		};
		E5B91974297809DE00433AF7 /* Release */ = {
			isa = XCBuildConfiguration;
			buildSettings = {
				CODE_SIGN_STYLE = Automatic;
				CURRENT_PROJECT_VERSION = 1;
				DEFINES_MODULE = YES;
				DEVELOPMENT_TEAM = R2D4D7YLB2;
				DYLIB_COMPATIBILITY_VERSION = 1;
				DYLIB_CURRENT_VERSION = 1;
				DYLIB_INSTALL_NAME_BASE = "@rpath";
				GENERATE_INFOPLIST_FILE = YES;
				INFOPLIST_KEY_NSHumanReadableCopyright = "";
				INSTALL_PATH = "$(LOCAL_LIBRARY_DIR)/Frameworks";
				LD_RUNPATH_SEARCH_PATHS = (
					"$(inherited)",
					"@executable_path/Frameworks",
					"@loader_path/Frameworks",
				);
				MARKETING_VERSION = 1.0;
				PRODUCT_BUNDLE_IDENTIFIER = com.dcd.CatalogFavorite;
				PRODUCT_NAME = "$(TARGET_NAME:c99extidentifier)";
				SKIP_INSTALL = YES;
				SWIFT_EMIT_LOC_STRINGS = YES;
				SWIFT_VERSION = 5.0;
				TARGETED_DEVICE_FAMILY = "1,2";
			};
			name = Release;
		};
		E5B91976297809DE00433AF7 /* Debug */ = {
			isa = XCBuildConfiguration;
			buildSettings = {
				CODE_SIGN_STYLE = Automatic;
				CURRENT_PROJECT_VERSION = 1;
				DEVELOPMENT_TEAM = R2D4D7YLB2;
				GENERATE_INFOPLIST_FILE = YES;
				MARKETING_VERSION = 1.0;
				PRODUCT_BUNDLE_IDENTIFIER = com.dcd.CatalogFavoriteTests;
				PRODUCT_NAME = "$(TARGET_NAME)";
				SWIFT_EMIT_LOC_STRINGS = NO;
				SWIFT_VERSION = 5.0;
				TARGETED_DEVICE_FAMILY = "1,2";
			};
			name = Debug;
		};
		E5B91977297809DE00433AF7 /* Release */ = {
			isa = XCBuildConfiguration;
			buildSettings = {
				CODE_SIGN_STYLE = Automatic;
				CURRENT_PROJECT_VERSION = 1;
				DEVELOPMENT_TEAM = R2D4D7YLB2;
				GENERATE_INFOPLIST_FILE = YES;
				MARKETING_VERSION = 1.0;
				PRODUCT_BUNDLE_IDENTIFIER = com.dcd.CatalogFavoriteTests;
				PRODUCT_NAME = "$(TARGET_NAME)";
				SWIFT_EMIT_LOC_STRINGS = NO;
				SWIFT_VERSION = 5.0;
				TARGETED_DEVICE_FAMILY = "1,2";
			};
			name = Release;
		};
/* End XCBuildConfiguration section */

/* Begin XCConfigurationList section */
		E5B91958297809DE00433AF7 /* Build configuration list for PBXProject "CatalogFavorite" */ = {
			isa = XCConfigurationList;
			buildConfigurations = (
				E5B91970297809DE00433AF7 /* Debug */,
				E5B91971297809DE00433AF7 /* Release */,
			);
			defaultConfigurationIsVisible = 0;
			defaultConfigurationName = Release;
		};
		E5B91972297809DE00433AF7 /* Build configuration list for PBXNativeTarget "CatalogFavorite" */ = {
			isa = XCConfigurationList;
			buildConfigurations = (
				E5B91973297809DE00433AF7 /* Debug */,
				E5B91974297809DE00433AF7 /* Release */,
			);
			defaultConfigurationIsVisible = 0;
			defaultConfigurationName = Release;
		};
		E5B91975297809DE00433AF7 /* Build configuration list for PBXNativeTarget "CatalogFavoriteTests" */ = {
			isa = XCConfigurationList;
			buildConfigurations = (
				E5B91976297809DE00433AF7 /* Debug */,
				E5B91977297809DE00433AF7 /* Release */,
			);
			defaultConfigurationIsVisible = 0;
			defaultConfigurationName = Release;
		};
/* End XCConfigurationList section */
	};
	rootObject = E5B91955297809DE00433AF7 /* Project object */;
}
