// !$*UTF8*$!
{
	archiveVersion = 1;
	classes = {
	};
	objectVersion = 56;
	objects = {

/* Begin PBXBuildFile section */
		E54784AA296582C2006CB7F3 /* Injection.swift in Sources */ = {isa = PBXBuildFile; fileRef = E54784A9296582C2006CB7F3 /* Injection.swift */; };
		E54784AC296584FA006CB7F3 /* HomePresenter.swift in Sources */ = {isa = PBXBuildFile; fileRef = E54784AB296584FA006CB7F3 /* HomePresenter.swift */; };
		E54784AE29658504006CB7F3 /* HomeRouter.swift in Sources */ = {isa = PBXBuildFile; fileRef = E54784AD29658504006CB7F3 /* HomeRouter.swift */; };
		E54784B129658BE9006CB7F3 /* ActivityIndicator.swift in Sources */ = {isa = PBXBuildFile; fileRef = E54784B029658BE9006CB7F3 /* ActivityIndicator.swift */; };
		E54BC7DD295AD0980039A9BD /* Alamofire in Frameworks */ = {isa = PBXBuildFile; productRef = E54BC7DC295AD0980039A9BD /* Alamofire */; };
		E54BC7E0295AD1760039A9BD /* UISimpleSlidingTabController.swift in Sources */ = {isa = PBXBuildFile; fileRef = E54BC7DF295AD1760039A9BD /* UISimpleSlidingTabController.swift */; };
		E54BC7E2295AD1E50039A9BD /* HomePage.swift in Sources */ = {isa = PBXBuildFile; fileRef = E54BC7E1295AD1E50039A9BD /* HomePage.swift */; };
		E54BC7E5295AD5BE0039A9BD /* TabView.swift in Sources */ = {isa = PBXBuildFile; fileRef = E54BC7E4295AD5BE0039A9BD /* TabView.swift */; };
		E563284B295ADE2900F509A7 /* CustomNavigationView.swift in Sources */ = {isa = PBXBuildFile; fileRef = E563284A295ADE2900F509A7 /* CustomNavigationView.swift */; };
		E578BC582954626900B8FDF0 /* TheMovieCatalogueApp.swift in Sources */ = {isa = PBXBuildFile; fileRef = E578BC572954626900B8FDF0 /* TheMovieCatalogueApp.swift */; };
		E578BC5C2954626A00B8FDF0 /* Assets.xcassets in Resources */ = {isa = PBXBuildFile; fileRef = E578BC5B2954626A00B8FDF0 /* Assets.xcassets */; };
		E578BC5F2954626A00B8FDF0 /* Preview Assets.xcassets in Resources */ = {isa = PBXBuildFile; fileRef = E578BC5E2954626A00B8FDF0 /* Preview Assets.xcassets */; };
		E578BC692954626A00B8FDF0 /* TheMovieCatalogueTests.swift in Sources */ = {isa = PBXBuildFile; fileRef = E578BC682954626A00B8FDF0 /* TheMovieCatalogueTests.swift */; };
		E578BC732954626A00B8FDF0 /* TheMovieCatalogueUITests.swift in Sources */ = {isa = PBXBuildFile; fileRef = E578BC722954626A00B8FDF0 /* TheMovieCatalogueUITests.swift */; };
		E578BC752954626A00B8FDF0 /* TheMovieCatalogueUITestsLaunchTests.swift in Sources */ = {isa = PBXBuildFile; fileRef = E578BC742954626A00B8FDF0 /* TheMovieCatalogueUITestsLaunchTests.swift */; };
		E578BC8F2954644600B8FDF0 /* Networking.swift in Sources */ = {isa = PBXBuildFile; fileRef = E578BC8E2954644600B8FDF0 /* Networking.swift */; };
		E578BC962954651100B8FDF0 /* HomeLayout.swift in Sources */ = {isa = PBXBuildFile; fileRef = E578BC952954651100B8FDF0 /* HomeLayout.swift */; };
		E578BC992954655100B8FDF0 /* HomeCell.swift in Sources */ = {isa = PBXBuildFile; fileRef = E578BC982954655100B8FDF0 /* HomeCell.swift */; };
		E578BC9F295469F300B8FDF0 /* Montserrat-Regular.ttf in Resources */ = {isa = PBXBuildFile; fileRef = E578BC9B295469F200B8FDF0 /* Montserrat-Regular.ttf */; };
		E578BCA0295469F300B8FDF0 /* Montserrat-Medium.ttf in Resources */ = {isa = PBXBuildFile; fileRef = E578BC9C295469F300B8FDF0 /* Montserrat-Medium.ttf */; };
		E578BCA1295469F300B8FDF0 /* Montserrat-SemiBold.ttf in Resources */ = {isa = PBXBuildFile; fileRef = E578BC9D295469F300B8FDF0 /* Montserrat-SemiBold.ttf */; };
		E578BCA2295469F300B8FDF0 /* Montserrat-Bold.ttf in Resources */ = {isa = PBXBuildFile; fileRef = E578BC9E295469F300B8FDF0 /* Montserrat-Bold.ttf */; };
		E578BCA629546A9A00B8FDF0 /* GeneralHelper.swift in Sources */ = {isa = PBXBuildFile; fileRef = E578BCA529546A9A00B8FDF0 /* GeneralHelper.swift */; };
		E578BCA929546CBD00B8FDF0 /* Text+Extension.swift in Sources */ = {isa = PBXBuildFile; fileRef = E578BCA829546CBD00B8FDF0 /* Text+Extension.swift */; };
		E57FF0882964109D00E14AB9 /* UIFont+Extension.swift in Sources */ = {isa = PBXBuildFile; fileRef = E57FF0872964109D00E14AB9 /* UIFont+Extension.swift */; };
		E57FF08C296523BD00E14AB9 /* TVPopularResponse.swift in Sources */ = {isa = PBXBuildFile; fileRef = E57FF08B296523BD00E14AB9 /* TVPopularResponse.swift */; };
		E57FF08E2965247800E14AB9 /* TVRepository.swift in Sources */ = {isa = PBXBuildFile; fileRef = E57FF08D2965247800E14AB9 /* TVRepository.swift */; };
		E57FF0912965267700E14AB9 /* RemoteDataSource.swift in Sources */ = {isa = PBXBuildFile; fileRef = E57FF0902965267700E14AB9 /* RemoteDataSource.swift */; };
		E57FF093296526C100E14AB9 /* TVListModel.swift in Sources */ = {isa = PBXBuildFile; fileRef = E57FF092296526C100E14AB9 /* TVListModel.swift */; };
		E57FF09629652C8A00E14AB9 /* SDWebImageSwiftUI in Frameworks */ = {isa = PBXBuildFile; productRef = E57FF09529652C8A00E14AB9 /* SDWebImageSwiftUI */; };
		E57FF09829653CB700E14AB9 /* HomeUseCase.swift in Sources */ = {isa = PBXBuildFile; fileRef = E57FF09729653CB700E14AB9 /* HomeUseCase.swift */; };
		E57FF09B29653DE500E14AB9 /* RxCocoa in Frameworks */ = {isa = PBXBuildFile; productRef = E57FF09A29653DE500E14AB9 /* RxCocoa */; };
		E57FF09D29653DE500E14AB9 /* RxSwift in Frameworks */ = {isa = PBXBuildFile; productRef = E57FF09C29653DE500E14AB9 /* RxSwift */; };
		E57FF0A129654B7300E14AB9 /* Realm in Frameworks */ = {isa = PBXBuildFile; productRef = E57FF0A029654B7300E14AB9 /* Realm */; };
		E57FF0A329654B7300E14AB9 /* RealmSwift in Frameworks */ = {isa = PBXBuildFile; productRef = E57FF0A229654B7300E14AB9 /* RealmSwift */; };
		E57FF0A529654B8B00E14AB9 /* LocaleDataSource.swift in Sources */ = {isa = PBXBuildFile; fileRef = E57FF0A429654B8B00E14AB9 /* LocaleDataSource.swift */; };
		E57FF0A829654B9E00E14AB9 /* TVEntity.swift in Sources */ = {isa = PBXBuildFile; fileRef = E57FF0A729654B9E00E14AB9 /* TVEntity.swift */; };
		E57FF0AA2965509100E14AB9 /* Results+Extension.swift in Sources */ = {isa = PBXBuildFile; fileRef = E57FF0A92965509100E14AB9 /* Results+Extension.swift */; };
		E57FF0AC2965554500E14AB9 /* CustomError+Extension.swift in Sources */ = {isa = PBXBuildFile; fileRef = E57FF0AB2965554500E14AB9 /* CustomError+Extension.swift */; };
		E57FF0B32965592800E14AB9 /* TVMapper.swift in Sources */ = {isa = PBXBuildFile; fileRef = E57FF0B22965592800E14AB9 /* TVMapper.swift */; };
/* End PBXBuildFile section */

/* Begin PBXContainerItemProxy section */
		E578BC652954626A00B8FDF0 /* PBXContainerItemProxy */ = {
			isa = PBXContainerItemProxy;
			containerPortal = E578BC4C2954626900B8FDF0 /* Project object */;
			proxyType = 1;
			remoteGlobalIDString = E578BC532954626900B8FDF0;
			remoteInfo = TheMovieCatalogue;
		};
		E578BC6F2954626A00B8FDF0 /* PBXContainerItemProxy */ = {
			isa = PBXContainerItemProxy;
			containerPortal = E578BC4C2954626900B8FDF0 /* Project object */;
			proxyType = 1;
			remoteGlobalIDString = E578BC532954626900B8FDF0;
			remoteInfo = TheMovieCatalogue;
		};
/* End PBXContainerItemProxy section */

/* Begin PBXFileReference section */
		E54784A9296582C2006CB7F3 /* Injection.swift */ = {isa = PBXFileReference; lastKnownFileType = sourcecode.swift; path = Injection.swift; sourceTree = "<group>"; };
		E54784AB296584FA006CB7F3 /* HomePresenter.swift */ = {isa = PBXFileReference; lastKnownFileType = sourcecode.swift; path = HomePresenter.swift; sourceTree = "<group>"; };
		E54784AD29658504006CB7F3 /* HomeRouter.swift */ = {isa = PBXFileReference; lastKnownFileType = sourcecode.swift; path = HomeRouter.swift; sourceTree = "<group>"; };
		E54784B029658BE9006CB7F3 /* ActivityIndicator.swift */ = {isa = PBXFileReference; lastKnownFileType = sourcecode.swift; path = ActivityIndicator.swift; sourceTree = "<group>"; };
		E54BC7DF295AD1760039A9BD /* UISimpleSlidingTabController.swift */ = {isa = PBXFileReference; lastKnownFileType = sourcecode.swift; path = UISimpleSlidingTabController.swift; sourceTree = "<group>"; };
		E54BC7E1295AD1E50039A9BD /* HomePage.swift */ = {isa = PBXFileReference; lastKnownFileType = sourcecode.swift; path = HomePage.swift; sourceTree = "<group>"; };
		E54BC7E4295AD5BE0039A9BD /* TabView.swift */ = {isa = PBXFileReference; lastKnownFileType = sourcecode.swift; path = TabView.swift; sourceTree = "<group>"; };
		E563284A295ADE2900F509A7 /* CustomNavigationView.swift */ = {isa = PBXFileReference; lastKnownFileType = sourcecode.swift; path = CustomNavigationView.swift; sourceTree = "<group>"; };
		E578BC542954626900B8FDF0 /* TheMovieCatalogue.app */ = {isa = PBXFileReference; explicitFileType = wrapper.application; includeInIndex = 0; path = TheMovieCatalogue.app; sourceTree = BUILT_PRODUCTS_DIR; };
		E578BC572954626900B8FDF0 /* TheMovieCatalogueApp.swift */ = {isa = PBXFileReference; lastKnownFileType = sourcecode.swift; path = TheMovieCatalogueApp.swift; sourceTree = "<group>"; };
		E578BC5B2954626A00B8FDF0 /* Assets.xcassets */ = {isa = PBXFileReference; lastKnownFileType = folder.assetcatalog; path = Assets.xcassets; sourceTree = "<group>"; };
		E578BC5E2954626A00B8FDF0 /* Preview Assets.xcassets */ = {isa = PBXFileReference; lastKnownFileType = folder.assetcatalog; path = "Preview Assets.xcassets"; sourceTree = "<group>"; };
		E578BC642954626A00B8FDF0 /* TheMovieCatalogueTests.xctest */ = {isa = PBXFileReference; explicitFileType = wrapper.cfbundle; includeInIndex = 0; path = TheMovieCatalogueTests.xctest; sourceTree = BUILT_PRODUCTS_DIR; };
		E578BC682954626A00B8FDF0 /* TheMovieCatalogueTests.swift */ = {isa = PBXFileReference; lastKnownFileType = sourcecode.swift; path = TheMovieCatalogueTests.swift; sourceTree = "<group>"; };
		E578BC6E2954626A00B8FDF0 /* TheMovieCatalogueUITests.xctest */ = {isa = PBXFileReference; explicitFileType = wrapper.cfbundle; includeInIndex = 0; path = TheMovieCatalogueUITests.xctest; sourceTree = BUILT_PRODUCTS_DIR; };
		E578BC722954626A00B8FDF0 /* TheMovieCatalogueUITests.swift */ = {isa = PBXFileReference; lastKnownFileType = sourcecode.swift; path = TheMovieCatalogueUITests.swift; sourceTree = "<group>"; };
		E578BC742954626A00B8FDF0 /* TheMovieCatalogueUITestsLaunchTests.swift */ = {isa = PBXFileReference; lastKnownFileType = sourcecode.swift; path = TheMovieCatalogueUITestsLaunchTests.swift; sourceTree = "<group>"; };
		E578BC8E2954644600B8FDF0 /* Networking.swift */ = {isa = PBXFileReference; lastKnownFileType = sourcecode.swift; path = Networking.swift; sourceTree = "<group>"; };
		E578BC952954651100B8FDF0 /* HomeLayout.swift */ = {isa = PBXFileReference; lastKnownFileType = sourcecode.swift; path = HomeLayout.swift; sourceTree = "<group>"; };
		E578BC982954655100B8FDF0 /* HomeCell.swift */ = {isa = PBXFileReference; lastKnownFileType = sourcecode.swift; path = HomeCell.swift; sourceTree = "<group>"; };
		E578BC9B295469F200B8FDF0 /* Montserrat-Regular.ttf */ = {isa = PBXFileReference; lastKnownFileType = file; name = "Montserrat-Regular.ttf"; path = "../../../../../../../Downloads/Montserrat/static/Montserrat-Regular.ttf"; sourceTree = "<group>"; };
		E578BC9C295469F300B8FDF0 /* Montserrat-Medium.ttf */ = {isa = PBXFileReference; lastKnownFileType = file; name = "Montserrat-Medium.ttf"; path = "../../../../../../../Downloads/Montserrat/static/Montserrat-Medium.ttf"; sourceTree = "<group>"; };
		E578BC9D295469F300B8FDF0 /* Montserrat-SemiBold.ttf */ = {isa = PBXFileReference; lastKnownFileType = file; name = "Montserrat-SemiBold.ttf"; path = "../../../../../../../Downloads/Montserrat/static/Montserrat-SemiBold.ttf"; sourceTree = "<group>"; };
		E578BC9E295469F300B8FDF0 /* Montserrat-Bold.ttf */ = {isa = PBXFileReference; lastKnownFileType = file; name = "Montserrat-Bold.ttf"; path = "../../../../../../../Downloads/Montserrat/static/Montserrat-Bold.ttf"; sourceTree = "<group>"; };
		E578BCA329546A1E00B8FDF0 /* Info.plist */ = {isa = PBXFileReference; lastKnownFileType = text.plist; path = Info.plist; sourceTree = "<group>"; };
		E578BCA529546A9A00B8FDF0 /* GeneralHelper.swift */ = {isa = PBXFileReference; lastKnownFileType = sourcecode.swift; path = GeneralHelper.swift; sourceTree = "<group>"; };
		E578BCA829546CBD00B8FDF0 /* Text+Extension.swift */ = {isa = PBXFileReference; lastKnownFileType = sourcecode.swift; path = "Text+Extension.swift"; sourceTree = "<group>"; };
		E57FF0872964109D00E14AB9 /* UIFont+Extension.swift */ = {isa = PBXFileReference; lastKnownFileType = sourcecode.swift; path = "UIFont+Extension.swift"; sourceTree = "<group>"; };
		E57FF08B296523BD00E14AB9 /* TVPopularResponse.swift */ = {isa = PBXFileReference; lastKnownFileType = sourcecode.swift; path = TVPopularResponse.swift; sourceTree = "<group>"; };
		E57FF08D2965247800E14AB9 /* TVRepository.swift */ = {isa = PBXFileReference; lastKnownFileType = sourcecode.swift; path = TVRepository.swift; sourceTree = "<group>"; };
		E57FF0902965267700E14AB9 /* RemoteDataSource.swift */ = {isa = PBXFileReference; lastKnownFileType = sourcecode.swift; path = RemoteDataSource.swift; sourceTree = "<group>"; };
		E57FF092296526C100E14AB9 /* TVListModel.swift */ = {isa = PBXFileReference; lastKnownFileType = sourcecode.swift; path = TVListModel.swift; sourceTree = "<group>"; };
		E57FF09729653CB700E14AB9 /* HomeUseCase.swift */ = {isa = PBXFileReference; lastKnownFileType = sourcecode.swift; path = HomeUseCase.swift; sourceTree = "<group>"; };
		E57FF0A429654B8B00E14AB9 /* LocaleDataSource.swift */ = {isa = PBXFileReference; lastKnownFileType = sourcecode.swift; path = LocaleDataSource.swift; sourceTree = "<group>"; };
		E57FF0A729654B9E00E14AB9 /* TVEntity.swift */ = {isa = PBXFileReference; lastKnownFileType = sourcecode.swift; path = TVEntity.swift; sourceTree = "<group>"; };
		E57FF0A92965509100E14AB9 /* Results+Extension.swift */ = {isa = PBXFileReference; lastKnownFileType = sourcecode.swift; path = "Results+Extension.swift"; sourceTree = "<group>"; };
		E57FF0AB2965554500E14AB9 /* CustomError+Extension.swift */ = {isa = PBXFileReference; lastKnownFileType = sourcecode.swift; path = "CustomError+Extension.swift"; sourceTree = "<group>"; };
		E57FF0B22965592800E14AB9 /* TVMapper.swift */ = {isa = PBXFileReference; lastKnownFileType = sourcecode.swift; path = TVMapper.swift; sourceTree = "<group>"; };
/* End PBXFileReference section */

/* Begin PBXFrameworksBuildPhase section */
		E578BC512954626900B8FDF0 /* Frameworks */ = {
			isa = PBXFrameworksBuildPhase;
			buildActionMask = 2147483647;
			files = (
				E57FF0A329654B7300E14AB9 /* RealmSwift in Frameworks */,
				E57FF09B29653DE500E14AB9 /* RxCocoa in Frameworks */,
				E57FF09629652C8A00E14AB9 /* SDWebImageSwiftUI in Frameworks */,
				E57FF09D29653DE500E14AB9 /* RxSwift in Frameworks */,
				E54BC7DD295AD0980039A9BD /* Alamofire in Frameworks */,
				E57FF0A129654B7300E14AB9 /* Realm in Frameworks */,
			);
			runOnlyForDeploymentPostprocessing = 0;
		};
		E578BC612954626A00B8FDF0 /* Frameworks */ = {
			isa = PBXFrameworksBuildPhase;
			buildActionMask = 2147483647;
			files = (
			);
			runOnlyForDeploymentPostprocessing = 0;
		};
		E578BC6B2954626A00B8FDF0 /* Frameworks */ = {
			isa = PBXFrameworksBuildPhase;
			buildActionMask = 2147483647;
			files = (
			);
			runOnlyForDeploymentPostprocessing = 0;
		};
/* End PBXFrameworksBuildPhase section */

/* Begin PBXGroup section */
		E54784AF29658BDA006CB7F3 /* Indicator */ = {
			isa = PBXGroup;
			children = (
				E54784B029658BE9006CB7F3 /* ActivityIndicator.swift */,
			);
			path = Indicator;
			sourceTree = "<group>";
		};
		E54BC7DE295AD1560039A9BD /* MainHeader */ = {
			isa = PBXGroup;
			children = (
				E54BC7DF295AD1760039A9BD /* UISimpleSlidingTabController.swift */,
			);
			path = MainHeader;
			sourceTree = "<group>";
		};
		E54BC7E3295AD5AA0039A9BD /* Tabs */ = {
			isa = PBXGroup;
			children = (
				E54BC7E4295AD5BE0039A9BD /* TabView.swift */,
			);
			path = Tabs;
			sourceTree = "<group>";
		};
		E578BC4B2954626900B8FDF0 = {
			isa = PBXGroup;
			children = (
				E578BC562954626900B8FDF0 /* TheMovieCatalogue */,
				E578BC672954626A00B8FDF0 /* TheMovieCatalogueTests */,
				E578BC712954626A00B8FDF0 /* TheMovieCatalogueUITests */,
				E578BC552954626900B8FDF0 /* Products */,
			);
			sourceTree = "<group>";
		};
		E578BC552954626900B8FDF0 /* Products */ = {
			isa = PBXGroup;
			children = (
				E578BC542954626900B8FDF0 /* TheMovieCatalogue.app */,
				E578BC642954626A00B8FDF0 /* TheMovieCatalogueTests.xctest */,
				E578BC6E2954626A00B8FDF0 /* TheMovieCatalogueUITests.xctest */,
			);
			name = Products;
			sourceTree = "<group>";
		};
		E578BC562954626900B8FDF0 /* TheMovieCatalogue */ = {
			isa = PBXGroup;
			children = (
				E578BCA329546A1E00B8FDF0 /* Info.plist */,
				E578BC862954634600B8FDF0 /* App */,
				E578BC872954636D00B8FDF0 /* Core */,
				E578BC822954630700B8FDF0 /* Module */,
				E578BC5B2954626A00B8FDF0 /* Assets.xcassets */,
				E578BC5D2954626A00B8FDF0 /* Preview Content */,
			);
			path = TheMovieCatalogue;
			sourceTree = "<group>";
		};
		E578BC5D2954626A00B8FDF0 /* Preview Content */ = {
			isa = PBXGroup;
			children = (
				E578BC5E2954626A00B8FDF0 /* Preview Assets.xcassets */,
			);
			path = "Preview Content";
			sourceTree = "<group>";
		};
		E578BC672954626A00B8FDF0 /* TheMovieCatalogueTests */ = {
			isa = PBXGroup;
			children = (
				E578BC682954626A00B8FDF0 /* TheMovieCatalogueTests.swift */,
			);
			path = TheMovieCatalogueTests;
			sourceTree = "<group>";
		};
		E578BC712954626A00B8FDF0 /* TheMovieCatalogueUITests */ = {
			isa = PBXGroup;
			children = (
				E578BC722954626A00B8FDF0 /* TheMovieCatalogueUITests.swift */,
				E578BC742954626A00B8FDF0 /* TheMovieCatalogueUITestsLaunchTests.swift */,
			);
			path = TheMovieCatalogueUITests;
			sourceTree = "<group>";
		};
		E578BC812954628D00B8FDF0 /* Data */ = {
			isa = PBXGroup;
			children = (
				E57FF09E29653E3100E14AB9 /* Repository */,
				E578BC852954631D00B8FDF0 /* Remote */,
				E578BC842954631800B8FDF0 /* Local */,
			);
			path = Data;
			sourceTree = "<group>";
		};
		E578BC822954630700B8FDF0 /* Module */ = {
			isa = PBXGroup;
			children = (
				E578BC832954631100B8FDF0 /* Home */,
			);
			path = Module;
			sourceTree = "<group>";
		};
		E578BC832954631100B8FDF0 /* Home */ = {
			isa = PBXGroup;
			children = (
				E578BC92295464CC00B8FDF0 /* Router */,
				E578BC91295464C600B8FDF0 /* Presenter */,
				E578BC90295464BC00B8FDF0 /* View */,
			);
			path = Home;
			sourceTree = "<group>";
		};
		E578BC842954631800B8FDF0 /* Local */ = {
			isa = PBXGroup;
			children = (
				E57FF0A629654B9100E14AB9 /* Entity */,
				E57FF0A429654B8B00E14AB9 /* LocaleDataSource.swift */,
			);
			path = Local;
			sourceTree = "<group>";
		};
		E578BC852954631D00B8FDF0 /* Remote */ = {
			isa = PBXGroup;
			children = (
				E57FF08F2965266500E14AB9 /* Response */,
				E57FF0902965267700E14AB9 /* RemoteDataSource.swift */,
			);
			path = Remote;
			sourceTree = "<group>";
		};
		E578BC862954634600B8FDF0 /* App */ = {
			isa = PBXGroup;
			children = (
				E578BC572954626900B8FDF0 /* TheMovieCatalogueApp.swift */,
			);
			path = App;
			sourceTree = "<group>";
		};
		E578BC872954636D00B8FDF0 /* Core */ = {
			isa = PBXGroup;
			children = (
				E578BC8C2954642F00B8FDF0 /* Utils */,
				E578BC89295463CB00B8FDF0 /* Domain */,
				E578BC882954637F00B8FDF0 /* DI */,
				E578BC812954628D00B8FDF0 /* Data */,
			);
			path = Core;
			sourceTree = "<group>";
		};
		E578BC882954637F00B8FDF0 /* DI */ = {
			isa = PBXGroup;
			children = (
				E54784A9296582C2006CB7F3 /* Injection.swift */,
			);
			path = DI;
			sourceTree = "<group>";
		};
		E578BC89295463CB00B8FDF0 /* Domain */ = {
			isa = PBXGroup;
			children = (
				E578BC8B295463DA00B8FDF0 /* UseCases */,
				E578BC8A295463D200B8FDF0 /* Model */,
			);
			path = Domain;
			sourceTree = "<group>";
		};
		E578BC8A295463D200B8FDF0 /* Model */ = {
			isa = PBXGroup;
			children = (
				E57FF092296526C100E14AB9 /* TVListModel.swift */,
			);
			path = Model;
			sourceTree = "<group>";
		};
		E578BC8B295463DA00B8FDF0 /* UseCases */ = {
			isa = PBXGroup;
			children = (
				E57FF09729653CB700E14AB9 /* HomeUseCase.swift */,
			);
			path = UseCases;
			sourceTree = "<group>";
		};
		E578BC8C2954642F00B8FDF0 /* Utils */ = {
			isa = PBXGroup;
			children = (
				E578BCA729546CB000B8FDF0 /* Extension */,
				E578BCA429546A8E00B8FDF0 /* Helper */,
				E578BC9A295469CC00B8FDF0 /* Font */,
				E578BC94295464E800B8FDF0 /* ViewComponent */,
				E578BC8D2954643500B8FDF0 /* NetworkUtils */,
				E57FF0AF2965590E00E14AB9 /* Mapper */,
			);
			path = Utils;
			sourceTree = "<group>";
		};
		E578BC8D2954643500B8FDF0 /* NetworkUtils */ = {
			isa = PBXGroup;
			children = (
				E578BC8E2954644600B8FDF0 /* Networking.swift */,
			);
			path = NetworkUtils;
			sourceTree = "<group>";
		};
		E578BC90295464BC00B8FDF0 /* View */ = {
			isa = PBXGroup;
			children = (
				E578BC972954654400B8FDF0 /* HomeComponent */,
				E54BC7E1295AD1E50039A9BD /* HomePage.swift */,
			);
			path = View;
			sourceTree = "<group>";
		};
		E578BC91295464C600B8FDF0 /* Presenter */ = {
			isa = PBXGroup;
			children = (
				E54784AB296584FA006CB7F3 /* HomePresenter.swift */,
			);
			path = Presenter;
			sourceTree = "<group>";
		};
		E578BC92295464CC00B8FDF0 /* Router */ = {
			isa = PBXGroup;
			children = (
				E54784AD29658504006CB7F3 /* HomeRouter.swift */,
			);
			path = Router;
			sourceTree = "<group>";
		};
		E578BC94295464E800B8FDF0 /* ViewComponent */ = {
			isa = PBXGroup;
			children = (
				E54784AF29658BDA006CB7F3 /* Indicator */,
				E54BC7E3295AD5AA0039A9BD /* Tabs */,
				E54BC7DE295AD1560039A9BD /* MainHeader */,
				E563284A295ADE2900F509A7 /* CustomNavigationView.swift */,
			);
			path = ViewComponent;
			sourceTree = "<group>";
		};
		E578BC972954654400B8FDF0 /* HomeComponent */ = {
			isa = PBXGroup;
			children = (
				E578BC952954651100B8FDF0 /* HomeLayout.swift */,
				E578BC982954655100B8FDF0 /* HomeCell.swift */,
			);
			path = HomeComponent;
			sourceTree = "<group>";
		};
		E578BC9A295469CC00B8FDF0 /* Font */ = {
			isa = PBXGroup;
			children = (
				E578BC9E295469F300B8FDF0 /* Montserrat-Bold.ttf */,
				E578BC9C295469F300B8FDF0 /* Montserrat-Medium.ttf */,
				E578BC9B295469F200B8FDF0 /* Montserrat-Regular.ttf */,
				E578BC9D295469F300B8FDF0 /* Montserrat-SemiBold.ttf */,
			);
			path = Font;
			sourceTree = "<group>";
		};
		E578BCA429546A8E00B8FDF0 /* Helper */ = {
			isa = PBXGroup;
			children = (
				E578BCA529546A9A00B8FDF0 /* GeneralHelper.swift */,
			);
			path = Helper;
			sourceTree = "<group>";
		};
		E578BCA729546CB000B8FDF0 /* Extension */ = {
			isa = PBXGroup;
			children = (
				E578BCA829546CBD00B8FDF0 /* Text+Extension.swift */,
				E57FF0872964109D00E14AB9 /* UIFont+Extension.swift */,
				E57FF0A92965509100E14AB9 /* Results+Extension.swift */,
				E57FF0AB2965554500E14AB9 /* CustomError+Extension.swift */,
			);
			path = Extension;
			sourceTree = "<group>";
		};
		E57FF08F2965266500E14AB9 /* Response */ = {
			isa = PBXGroup;
			children = (
				E57FF08B296523BD00E14AB9 /* TVPopularResponse.swift */,
			);
			path = Response;
			sourceTree = "<group>";
		};
		E57FF09E29653E3100E14AB9 /* Repository */ = {
			isa = PBXGroup;
			children = (
				E57FF08D2965247800E14AB9 /* TVRepository.swift */,
			);
			path = Repository;
			sourceTree = "<group>";
		};
		E57FF0A629654B9100E14AB9 /* Entity */ = {
			isa = PBXGroup;
			children = (
				E57FF0A729654B9E00E14AB9 /* TVEntity.swift */,
			);
			path = Entity;
			sourceTree = "<group>";
		};
		E57FF0AF2965590E00E14AB9 /* Mapper */ = {
			isa = PBXGroup;
			children = (
				E57FF0B22965592800E14AB9 /* TVMapper.swift */,
			);
			path = Mapper;
			sourceTree = "<group>";
		};
/* End PBXGroup section */

/* Begin PBXNativeTarget section */
		E578BC532954626900B8FDF0 /* TheMovieCatalogue */ = {
			isa = PBXNativeTarget;
			buildConfigurationList = E578BC782954626A00B8FDF0 /* Build configuration list for PBXNativeTarget "TheMovieCatalogue" */;
			buildPhases = (
				E578BC502954626900B8FDF0 /* Sources */,
				E578BC512954626900B8FDF0 /* Frameworks */,
				E578BC522954626900B8FDF0 /* Resources */,
			);
			buildRules = (
			);
			dependencies = (
			);
			name = TheMovieCatalogue;
			packageProductDependencies = (
				E54BC7DC295AD0980039A9BD /* Alamofire */,
				E57FF09529652C8A00E14AB9 /* SDWebImageSwiftUI */,
				E57FF09A29653DE500E14AB9 /* RxCocoa */,
				E57FF09C29653DE500E14AB9 /* RxSwift */,
				E57FF0A029654B7300E14AB9 /* Realm */,
				E57FF0A229654B7300E14AB9 /* RealmSwift */,
			);
			productName = TheMovieCatalogue;
			productReference = E578BC542954626900B8FDF0 /* TheMovieCatalogue.app */;
			productType = "com.apple.product-type.application";
		};
		E578BC632954626A00B8FDF0 /* TheMovieCatalogueTests */ = {
			isa = PBXNativeTarget;
			buildConfigurationList = E578BC7B2954626A00B8FDF0 /* Build configuration list for PBXNativeTarget "TheMovieCatalogueTests" */;
			buildPhases = (
				E578BC602954626A00B8FDF0 /* Sources */,
				E578BC612954626A00B8FDF0 /* Frameworks */,
				E578BC622954626A00B8FDF0 /* Resources */,
			);
			buildRules = (
			);
			dependencies = (
				E578BC662954626A00B8FDF0 /* PBXTargetDependency */,
			);
			name = TheMovieCatalogueTests;
			productName = TheMovieCatalogueTests;
			productReference = E578BC642954626A00B8FDF0 /* TheMovieCatalogueTests.xctest */;
			productType = "com.apple.product-type.bundle.unit-test";
		};
		E578BC6D2954626A00B8FDF0 /* TheMovieCatalogueUITests */ = {
			isa = PBXNativeTarget;
			buildConfigurationList = E578BC7E2954626A00B8FDF0 /* Build configuration list for PBXNativeTarget "TheMovieCatalogueUITests" */;
			buildPhases = (
				E578BC6A2954626A00B8FDF0 /* Sources */,
				E578BC6B2954626A00B8FDF0 /* Frameworks */,
				E578BC6C2954626A00B8FDF0 /* Resources */,
			);
			buildRules = (
			);
			dependencies = (
				E578BC702954626A00B8FDF0 /* PBXTargetDependency */,
			);
			name = TheMovieCatalogueUITests;
			productName = TheMovieCatalogueUITests;
			productReference = E578BC6E2954626A00B8FDF0 /* TheMovieCatalogueUITests.xctest */;
			productType = "com.apple.product-type.bundle.ui-testing";
		};
/* End PBXNativeTarget section */

/* Begin PBXProject section */
		E578BC4C2954626900B8FDF0 /* Project object */ = {
			isa = PBXProject;
			attributes = {
				BuildIndependentTargetsInParallel = 1;
				LastSwiftUpdateCheck = 1420;
				LastUpgradeCheck = 1420;
				TargetAttributes = {
					E578BC532954626900B8FDF0 = {
						CreatedOnToolsVersion = 14.2;
					};
					E578BC632954626A00B8FDF0 = {
						CreatedOnToolsVersion = 14.2;
						TestTargetID = E578BC532954626900B8FDF0;
					};
					E578BC6D2954626A00B8FDF0 = {
						CreatedOnToolsVersion = 14.2;
						TestTargetID = E578BC532954626900B8FDF0;
					};
				};
			};
			buildConfigurationList = E578BC4F2954626900B8FDF0 /* Build configuration list for PBXProject "TheMovieCatalogue" */;
			compatibilityVersion = "Xcode 14.0";
			developmentRegion = en;
			hasScannedForEncodings = 0;
			knownRegions = (
				en,
				Base,
			);
			mainGroup = E578BC4B2954626900B8FDF0;
			packageReferences = (
				E54BC7DB295AD0980039A9BD /* XCRemoteSwiftPackageReference "Alamofire" */,
				E57FF09429652C8900E14AB9 /* XCRemoteSwiftPackageReference "SDWebImageSwiftUI" */,
				E57FF09929653DE500E14AB9 /* XCRemoteSwiftPackageReference "RxSwift" */,
				E57FF09F29654B7300E14AB9 /* XCRemoteSwiftPackageReference "realm-cocoa" */,
			);
			productRefGroup = E578BC552954626900B8FDF0 /* Products */;
			projectDirPath = "";
			projectRoot = "";
			targets = (
				E578BC532954626900B8FDF0 /* TheMovieCatalogue */,
				E578BC632954626A00B8FDF0 /* TheMovieCatalogueTests */,
				E578BC6D2954626A00B8FDF0 /* TheMovieCatalogueUITests */,
			);
		};
/* End PBXProject section */

/* Begin PBXResourcesBuildPhase section */
		E578BC522954626900B8FDF0 /* Resources */ = {
			isa = PBXResourcesBuildPhase;
			buildActionMask = 2147483647;
			files = (
				E578BC9F295469F300B8FDF0 /* Montserrat-Regular.ttf in Resources */,
				E578BC5F2954626A00B8FDF0 /* Preview Assets.xcassets in Resources */,
				E578BCA2295469F300B8FDF0 /* Montserrat-Bold.ttf in Resources */,
				E578BCA0295469F300B8FDF0 /* Montserrat-Medium.ttf in Resources */,
				E578BC5C2954626A00B8FDF0 /* Assets.xcassets in Resources */,
				E578BCA1295469F300B8FDF0 /* Montserrat-SemiBold.ttf in Resources */,
			);
			runOnlyForDeploymentPostprocessing = 0;
		};
		E578BC622954626A00B8FDF0 /* Resources */ = {
			isa = PBXResourcesBuildPhase;
			buildActionMask = 2147483647;
			files = (
			);
			runOnlyForDeploymentPostprocessing = 0;
		};
		E578BC6C2954626A00B8FDF0 /* Resources */ = {
			isa = PBXResourcesBuildPhase;
			buildActionMask = 2147483647;
			files = (
			);
			runOnlyForDeploymentPostprocessing = 0;
		};
/* End PBXResourcesBuildPhase section */

/* Begin PBXSourcesBuildPhase section */
		E578BC502954626900B8FDF0 /* Sources */ = {
			isa = PBXSourcesBuildPhase;
			buildActionMask = 2147483647;
			files = (
				E54BC7E5295AD5BE0039A9BD /* TabView.swift in Sources */,
				E578BC8F2954644600B8FDF0 /* Networking.swift in Sources */,
				E54784AC296584FA006CB7F3 /* HomePresenter.swift in Sources */,
				E54BC7E2295AD1E50039A9BD /* HomePage.swift in Sources */,
				E578BCA629546A9A00B8FDF0 /* GeneralHelper.swift in Sources */,
				E578BC962954651100B8FDF0 /* HomeLayout.swift in Sources */,
				E57FF0882964109D00E14AB9 /* UIFont+Extension.swift in Sources */,
				E57FF08C296523BD00E14AB9 /* TVPopularResponse.swift in Sources */,
				E578BC582954626900B8FDF0 /* TheMovieCatalogueApp.swift in Sources */,
				E57FF0A529654B8B00E14AB9 /* LocaleDataSource.swift in Sources */,
				E57FF0912965267700E14AB9 /* RemoteDataSource.swift in Sources */,
				E578BCA929546CBD00B8FDF0 /* Text+Extension.swift in Sources */,
				E563284B295ADE2900F509A7 /* CustomNavigationView.swift in Sources */,
				E54784AE29658504006CB7F3 /* HomeRouter.swift in Sources */,
				E578BC992954655100B8FDF0 /* HomeCell.swift in Sources */,
				E54784AA296582C2006CB7F3 /* Injection.swift in Sources */,
				E54784B129658BE9006CB7F3 /* ActivityIndicator.swift in Sources */,
				E57FF08E2965247800E14AB9 /* TVRepository.swift in Sources */,
				E57FF0A829654B9E00E14AB9 /* TVEntity.swift in Sources */,
				E57FF0AA2965509100E14AB9 /* Results+Extension.swift in Sources */,
				E57FF093296526C100E14AB9 /* TVListModel.swift in Sources */,
				E57FF09829653CB700E14AB9 /* HomeUseCase.swift in Sources */,
				E57FF0B32965592800E14AB9 /* TVMapper.swift in Sources */,
				E54BC7E0295AD1760039A9BD /* UISimpleSlidingTabController.swift in Sources */,
				E57FF0AC2965554500E14AB9 /* CustomError+Extension.swift in Sources */,
			);
			runOnlyForDeploymentPostprocessing = 0;
		};
		E578BC602954626A00B8FDF0 /* Sources */ = {
			isa = PBXSourcesBuildPhase;
			buildActionMask = 2147483647;
			files = (
				E578BC692954626A00B8FDF0 /* TheMovieCatalogueTests.swift in Sources */,
			);
			runOnlyForDeploymentPostprocessing = 0;
		};
		E578BC6A2954626A00B8FDF0 /* Sources */ = {
			isa = PBXSourcesBuildPhase;
			buildActionMask = 2147483647;
			files = (
				E578BC732954626A00B8FDF0 /* TheMovieCatalogueUITests.swift in Sources */,
				E578BC752954626A00B8FDF0 /* TheMovieCatalogueUITestsLaunchTests.swift in Sources */,
			);
			runOnlyForDeploymentPostprocessing = 0;
		};
/* End PBXSourcesBuildPhase section */

/* Begin PBXTargetDependency section */
		E578BC662954626A00B8FDF0 /* PBXTargetDependency */ = {
			isa = PBXTargetDependency;
			target = E578BC532954626900B8FDF0 /* TheMovieCatalogue */;
			targetProxy = E578BC652954626A00B8FDF0 /* PBXContainerItemProxy */;
		};
		E578BC702954626A00B8FDF0 /* PBXTargetDependency */ = {
			isa = PBXTargetDependency;
			target = E578BC532954626900B8FDF0 /* TheMovieCatalogue */;
			targetProxy = E578BC6F2954626A00B8FDF0 /* PBXContainerItemProxy */;
		};
/* End PBXTargetDependency section */

/* Begin XCBuildConfiguration section */
		E578BC762954626A00B8FDF0 /* Debug */ = {
			isa = XCBuildConfiguration;
			buildSettings = {
				ALWAYS_SEARCH_USER_PATHS = NO;
				CLANG_ANALYZER_NONNULL = YES;
				CLANG_ANALYZER_NUMBER_OBJECT_CONVERSION = YES_AGGRESSIVE;
				CLANG_CXX_LANGUAGE_STANDARD = "gnu++20";
				CLANG_ENABLE_MODULES = YES;
				CLANG_ENABLE_OBJC_ARC = YES;
				CLANG_ENABLE_OBJC_WEAK = YES;
				CLANG_WARN_BLOCK_CAPTURE_AUTORELEASING = YES;
				CLANG_WARN_BOOL_CONVERSION = YES;
				CLANG_WARN_COMMA = YES;
				CLANG_WARN_CONSTANT_CONVERSION = YES;
				CLANG_WARN_DEPRECATED_OBJC_IMPLEMENTATIONS = YES;
				CLANG_WARN_DIRECT_OBJC_ISA_USAGE = YES_ERROR;
				CLANG_WARN_DOCUMENTATION_COMMENTS = YES;
				CLANG_WARN_EMPTY_BODY = YES;
				CLANG_WARN_ENUM_CONVERSION = YES;
				CLANG_WARN_INFINITE_RECURSION = YES;
				CLANG_WARN_INT_CONVERSION = YES;
				CLANG_WARN_NON_LITERAL_NULL_CONVERSION = YES;
				CLANG_WARN_OBJC_IMPLICIT_RETAIN_SELF = YES;
				CLANG_WARN_OBJC_LITERAL_CONVERSION = YES;
				CLANG_WARN_OBJC_ROOT_CLASS = YES_ERROR;
				CLANG_WARN_QUOTED_INCLUDE_IN_FRAMEWORK_HEADER = YES;
				CLANG_WARN_RANGE_LOOP_ANALYSIS = YES;
				CLANG_WARN_STRICT_PROTOTYPES = YES;
				CLANG_WARN_SUSPICIOUS_MOVE = YES;
				CLANG_WARN_UNGUARDED_AVAILABILITY = YES_AGGRESSIVE;
				CLANG_WARN_UNREACHABLE_CODE = YES;
				CLANG_WARN__DUPLICATE_METHOD_MATCH = YES;
				COPY_PHASE_STRIP = NO;
				DEBUG_INFORMATION_FORMAT = dwarf;
				ENABLE_STRICT_OBJC_MSGSEND = YES;
				ENABLE_TESTABILITY = YES;
				GCC_C_LANGUAGE_STANDARD = gnu11;
				GCC_DYNAMIC_NO_PIC = NO;
				GCC_NO_COMMON_BLOCKS = YES;
				GCC_OPTIMIZATION_LEVEL = 0;
				GCC_PREPROCESSOR_DEFINITIONS = (
					"DEBUG=1",
					"$(inherited)",
				);
				GCC_WARN_64_TO_32_BIT_CONVERSION = YES;
				GCC_WARN_ABOUT_RETURN_TYPE = YES_ERROR;
				GCC_WARN_UNDECLARED_SELECTOR = YES;
				GCC_WARN_UNINITIALIZED_AUTOS = YES_AGGRESSIVE;
				GCC_WARN_UNUSED_FUNCTION = YES;
				GCC_WARN_UNUSED_VARIABLE = YES;
				IPHONEOS_DEPLOYMENT_TARGET = 16.2;
				MTL_ENABLE_DEBUG_INFO = INCLUDE_SOURCE;
				MTL_FAST_MATH = YES;
				ONLY_ACTIVE_ARCH = YES;
				SDKROOT = iphoneos;
				SWIFT_ACTIVE_COMPILATION_CONDITIONS = DEBUG;
				SWIFT_OPTIMIZATION_LEVEL = "-Onone";
			};
			name = Debug;
		};
		E578BC772954626A00B8FDF0 /* Release */ = {
			isa = XCBuildConfiguration;
			buildSettings = {
				ALWAYS_SEARCH_USER_PATHS = NO;
				CLANG_ANALYZER_NONNULL = YES;
				CLANG_ANALYZER_NUMBER_OBJECT_CONVERSION = YES_AGGRESSIVE;
				CLANG_CXX_LANGUAGE_STANDARD = "gnu++20";
				CLANG_ENABLE_MODULES = YES;
				CLANG_ENABLE_OBJC_ARC = YES;
				CLANG_ENABLE_OBJC_WEAK = YES;
				CLANG_WARN_BLOCK_CAPTURE_AUTORELEASING = YES;
				CLANG_WARN_BOOL_CONVERSION = YES;
				CLANG_WARN_COMMA = YES;
				CLANG_WARN_CONSTANT_CONVERSION = YES;
				CLANG_WARN_DEPRECATED_OBJC_IMPLEMENTATIONS = YES;
				CLANG_WARN_DIRECT_OBJC_ISA_USAGE = YES_ERROR;
				CLANG_WARN_DOCUMENTATION_COMMENTS = YES;
				CLANG_WARN_EMPTY_BODY = YES;
				CLANG_WARN_ENUM_CONVERSION = YES;
				CLANG_WARN_INFINITE_RECURSION = YES;
				CLANG_WARN_INT_CONVERSION = YES;
				CLANG_WARN_NON_LITERAL_NULL_CONVERSION = YES;
				CLANG_WARN_OBJC_IMPLICIT_RETAIN_SELF = YES;
				CLANG_WARN_OBJC_LITERAL_CONVERSION = YES;
				CLANG_WARN_OBJC_ROOT_CLASS = YES_ERROR;
				CLANG_WARN_QUOTED_INCLUDE_IN_FRAMEWORK_HEADER = YES;
				CLANG_WARN_RANGE_LOOP_ANALYSIS = YES;
				CLANG_WARN_STRICT_PROTOTYPES = YES;
				CLANG_WARN_SUSPICIOUS_MOVE = YES;
				CLANG_WARN_UNGUARDED_AVAILABILITY = YES_AGGRESSIVE;
				CLANG_WARN_UNREACHABLE_CODE = YES;
				CLANG_WARN__DUPLICATE_METHOD_MATCH = YES;
				COPY_PHASE_STRIP = NO;
				DEBUG_INFORMATION_FORMAT = "dwarf-with-dsym";
				ENABLE_NS_ASSERTIONS = NO;
				ENABLE_STRICT_OBJC_MSGSEND = YES;
				GCC_C_LANGUAGE_STANDARD = gnu11;
				GCC_NO_COMMON_BLOCKS = YES;
				GCC_WARN_64_TO_32_BIT_CONVERSION = YES;
				GCC_WARN_ABOUT_RETURN_TYPE = YES_ERROR;
				GCC_WARN_UNDECLARED_SELECTOR = YES;
				GCC_WARN_UNINITIALIZED_AUTOS = YES_AGGRESSIVE;
				GCC_WARN_UNUSED_FUNCTION = YES;
				GCC_WARN_UNUSED_VARIABLE = YES;
				IPHONEOS_DEPLOYMENT_TARGET = 16.2;
				MTL_ENABLE_DEBUG_INFO = NO;
				MTL_FAST_MATH = YES;
				SDKROOT = iphoneos;
				SWIFT_COMPILATION_MODE = wholemodule;
				SWIFT_OPTIMIZATION_LEVEL = "-O";
				VALIDATE_PRODUCT = YES;
			};
			name = Release;
		};
		E578BC792954626A00B8FDF0 /* Debug */ = {
			isa = XCBuildConfiguration;
			buildSettings = {
				ASSETCATALOG_COMPILER_APPICON_NAME = AppIcon;
				ASSETCATALOG_COMPILER_GLOBAL_ACCENT_COLOR_NAME = AccentColor;
				CODE_SIGN_STYLE = Automatic;
				CURRENT_PROJECT_VERSION = 1;
				DEVELOPMENT_ASSET_PATHS = "\"TheMovieCatalogue/Preview Content\"";
				DEVELOPMENT_TEAM = R2D4D7YLB2;
				ENABLE_PREVIEWS = YES;
				GENERATE_INFOPLIST_FILE = YES;
				INFOPLIST_FILE = TheMovieCatalogue/Info.plist;
				INFOPLIST_KEY_UIApplicationSceneManifest_Generation = YES;
				INFOPLIST_KEY_UIApplicationSupportsIndirectInputEvents = YES;
				INFOPLIST_KEY_UILaunchScreen_Generation = YES;
				INFOPLIST_KEY_UIStatusBarStyle = UIStatusBarStyleLightContent;
				INFOPLIST_KEY_UISupportedInterfaceOrientations = UIInterfaceOrientationPortrait;
				INFOPLIST_KEY_UISupportedInterfaceOrientations_iPad = "UIInterfaceOrientationLandscapeLeft UIInterfaceOrientationLandscapeRight UIInterfaceOrientationPortrait UIInterfaceOrientationPortraitUpsideDown";
				IPHONEOS_DEPLOYMENT_TARGET = 16.0;
				LD_RUNPATH_SEARCH_PATHS = (
					"$(inherited)",
					"@executable_path/Frameworks",
				);
				MARKETING_VERSION = 1.0;
				PRODUCT_BUNDLE_IDENTIFIER = com.dcd.TheMovieCatalogue;
				PRODUCT_NAME = "$(TARGET_NAME)";
				SWIFT_EMIT_LOC_STRINGS = YES;
				SWIFT_VERSION = 5.0;
				TARGETED_DEVICE_FAMILY = "1,2";
			};
			name = Debug;
		};
		E578BC7A2954626A00B8FDF0 /* Release */ = {
			isa = XCBuildConfiguration;
			buildSettings = {
				ASSETCATALOG_COMPILER_APPICON_NAME = AppIcon;
				ASSETCATALOG_COMPILER_GLOBAL_ACCENT_COLOR_NAME = AccentColor;
				CODE_SIGN_STYLE = Automatic;
				CURRENT_PROJECT_VERSION = 1;
				DEVELOPMENT_ASSET_PATHS = "\"TheMovieCatalogue/Preview Content\"";
				DEVELOPMENT_TEAM = R2D4D7YLB2;
				ENABLE_PREVIEWS = YES;
				GENERATE_INFOPLIST_FILE = YES;
				INFOPLIST_FILE = TheMovieCatalogue/Info.plist;
				INFOPLIST_KEY_UIApplicationSceneManifest_Generation = YES;
				INFOPLIST_KEY_UIApplicationSupportsIndirectInputEvents = YES;
				INFOPLIST_KEY_UILaunchScreen_Generation = YES;
				INFOPLIST_KEY_UIStatusBarStyle = UIStatusBarStyleLightContent;
				INFOPLIST_KEY_UISupportedInterfaceOrientations = UIInterfaceOrientationPortrait;
				INFOPLIST_KEY_UISupportedInterfaceOrientations_iPad = "UIInterfaceOrientationLandscapeLeft UIInterfaceOrientationLandscapeRight UIInterfaceOrientationPortrait UIInterfaceOrientationPortraitUpsideDown";
				IPHONEOS_DEPLOYMENT_TARGET = 16.0;
				LD_RUNPATH_SEARCH_PATHS = (
					"$(inherited)",
					"@executable_path/Frameworks",
				);
				MARKETING_VERSION = 1.0;
				PRODUCT_BUNDLE_IDENTIFIER = com.dcd.TheMovieCatalogue;
				PRODUCT_NAME = "$(TARGET_NAME)";
				SWIFT_EMIT_LOC_STRINGS = YES;
				SWIFT_VERSION = 5.0;
				TARGETED_DEVICE_FAMILY = "1,2";
			};
			name = Release;
		};
		E578BC7C2954626A00B8FDF0 /* Debug */ = {
			isa = XCBuildConfiguration;
			buildSettings = {
				ALWAYS_EMBED_SWIFT_STANDARD_LIBRARIES = YES;
				BUNDLE_LOADER = "$(TEST_HOST)";
				CODE_SIGN_STYLE = Automatic;
				CURRENT_PROJECT_VERSION = 1;
				DEVELOPMENT_TEAM = R2D4D7YLB2;
				GENERATE_INFOPLIST_FILE = YES;
				IPHONEOS_DEPLOYMENT_TARGET = 16.2;
				MARKETING_VERSION = 1.0;
				PRODUCT_BUNDLE_IDENTIFIER = com.dcd.TheMovieCatalogueTests;
				PRODUCT_NAME = "$(TARGET_NAME)";
				SWIFT_EMIT_LOC_STRINGS = NO;
				SWIFT_VERSION = 5.0;
				TARGETED_DEVICE_FAMILY = "1,2";
				TEST_HOST = "$(BUILT_PRODUCTS_DIR)/TheMovieCatalogue.app/$(BUNDLE_EXECUTABLE_FOLDER_PATH)/TheMovieCatalogue";
			};
			name = Debug;
		};
		E578BC7D2954626A00B8FDF0 /* Release */ = {
			isa = XCBuildConfiguration;
			buildSettings = {
				ALWAYS_EMBED_SWIFT_STANDARD_LIBRARIES = YES;
				BUNDLE_LOADER = "$(TEST_HOST)";
				CODE_SIGN_STYLE = Automatic;
				CURRENT_PROJECT_VERSION = 1;
				DEVELOPMENT_TEAM = R2D4D7YLB2;
				GENERATE_INFOPLIST_FILE = YES;
				IPHONEOS_DEPLOYMENT_TARGET = 16.2;
				MARKETING_VERSION = 1.0;
				PRODUCT_BUNDLE_IDENTIFIER = com.dcd.TheMovieCatalogueTests;
				PRODUCT_NAME = "$(TARGET_NAME)";
				SWIFT_EMIT_LOC_STRINGS = NO;
				SWIFT_VERSION = 5.0;
				TARGETED_DEVICE_FAMILY = "1,2";
				TEST_HOST = "$(BUILT_PRODUCTS_DIR)/TheMovieCatalogue.app/$(BUNDLE_EXECUTABLE_FOLDER_PATH)/TheMovieCatalogue";
			};
			name = Release;
		};
		E578BC7F2954626A00B8FDF0 /* Debug */ = {
			isa = XCBuildConfiguration;
			buildSettings = {
				ALWAYS_EMBED_SWIFT_STANDARD_LIBRARIES = YES;
				CODE_SIGN_STYLE = Automatic;
				CURRENT_PROJECT_VERSION = 1;
				DEVELOPMENT_TEAM = R2D4D7YLB2;
				GENERATE_INFOPLIST_FILE = YES;
				MARKETING_VERSION = 1.0;
				PRODUCT_BUNDLE_IDENTIFIER = com.dcd.TheMovieCatalogueUITests;
				PRODUCT_NAME = "$(TARGET_NAME)";
				SWIFT_EMIT_LOC_STRINGS = NO;
				SWIFT_VERSION = 5.0;
				TARGETED_DEVICE_FAMILY = "1,2";
				TEST_TARGET_NAME = TheMovieCatalogue;
			};
			name = Debug;
		};
		E578BC802954626A00B8FDF0 /* Release */ = {
			isa = XCBuildConfiguration;
			buildSettings = {
				ALWAYS_EMBED_SWIFT_STANDARD_LIBRARIES = YES;
				CODE_SIGN_STYLE = Automatic;
				CURRENT_PROJECT_VERSION = 1;
				DEVELOPMENT_TEAM = R2D4D7YLB2;
				GENERATE_INFOPLIST_FILE = YES;
				MARKETING_VERSION = 1.0;
				PRODUCT_BUNDLE_IDENTIFIER = com.dcd.TheMovieCatalogueUITests;
				PRODUCT_NAME = "$(TARGET_NAME)";
				SWIFT_EMIT_LOC_STRINGS = NO;
				SWIFT_VERSION = 5.0;
				TARGETED_DEVICE_FAMILY = "1,2";
				TEST_TARGET_NAME = TheMovieCatalogue;
			};
			name = Release;
		};
/* End XCBuildConfiguration section */

/* Begin XCConfigurationList section */
		E578BC4F2954626900B8FDF0 /* Build configuration list for PBXProject "TheMovieCatalogue" */ = {
			isa = XCConfigurationList;
			buildConfigurations = (
				E578BC762954626A00B8FDF0 /* Debug */,
				E578BC772954626A00B8FDF0 /* Release */,
			);
			defaultConfigurationIsVisible = 0;
			defaultConfigurationName = Release;
		};
		E578BC782954626A00B8FDF0 /* Build configuration list for PBXNativeTarget "TheMovieCatalogue" */ = {
			isa = XCConfigurationList;
			buildConfigurations = (
				E578BC792954626A00B8FDF0 /* Debug */,
				E578BC7A2954626A00B8FDF0 /* Release */,
			);
			defaultConfigurationIsVisible = 0;
			defaultConfigurationName = Release;
		};
		E578BC7B2954626A00B8FDF0 /* Build configuration list for PBXNativeTarget "TheMovieCatalogueTests" */ = {
			isa = XCConfigurationList;
			buildConfigurations = (
				E578BC7C2954626A00B8FDF0 /* Debug */,
				E578BC7D2954626A00B8FDF0 /* Release */,
			);
			defaultConfigurationIsVisible = 0;
			defaultConfigurationName = Release;
		};
		E578BC7E2954626A00B8FDF0 /* Build configuration list for PBXNativeTarget "TheMovieCatalogueUITests" */ = {
			isa = XCConfigurationList;
			buildConfigurations = (
				E578BC7F2954626A00B8FDF0 /* Debug */,
				E578BC802954626A00B8FDF0 /* Release */,
			);
			defaultConfigurationIsVisible = 0;
			defaultConfigurationName = Release;
		};
/* End XCConfigurationList section */

/* Begin XCRemoteSwiftPackageReference section */
		E54BC7DB295AD0980039A9BD /* XCRemoteSwiftPackageReference "Alamofire" */ = {
			isa = XCRemoteSwiftPackageReference;
			repositoryURL = "https://github.com/Alamofire/Alamofire.git";
			requirement = {
				kind = upToNextMajorVersion;
				minimumVersion = 5.0.0;
			};
		};
		E57FF09429652C8900E14AB9 /* XCRemoteSwiftPackageReference "SDWebImageSwiftUI" */ = {
			isa = XCRemoteSwiftPackageReference;
			repositoryURL = "https://github.com/SDWebImage/SDWebImageSwiftUI.git";
			requirement = {
				kind = upToNextMajorVersion;
				minimumVersion = 2.0.0;
			};
		};
		E57FF09929653DE500E14AB9 /* XCRemoteSwiftPackageReference "RxSwift" */ = {
			isa = XCRemoteSwiftPackageReference;
			repositoryURL = "https://github.com/ReactiveX/RxSwift";
			requirement = {
				kind = upToNextMajorVersion;
				minimumVersion = 6.0.0;
			};
		};
		E57FF09F29654B7300E14AB9 /* XCRemoteSwiftPackageReference "realm-cocoa" */ = {
			isa = XCRemoteSwiftPackageReference;
			repositoryURL = "https://github.com/realm/realm-cocoa";
			requirement = {
				branch = master;
				kind = branch;
			};
		};
/* End XCRemoteSwiftPackageReference section */

/* Begin XCSwiftPackageProductDependency section */
		E54BC7DC295AD0980039A9BD /* Alamofire */ = {
			isa = XCSwiftPackageProductDependency;
			package = E54BC7DB295AD0980039A9BD /* XCRemoteSwiftPackageReference "Alamofire" */;
			productName = Alamofire;
		};
		E57FF09529652C8A00E14AB9 /* SDWebImageSwiftUI */ = {
			isa = XCSwiftPackageProductDependency;
			package = E57FF09429652C8900E14AB9 /* XCRemoteSwiftPackageReference "SDWebImageSwiftUI" */;
			productName = SDWebImageSwiftUI;
		};
		E57FF09A29653DE500E14AB9 /* RxCocoa */ = {
			isa = XCSwiftPackageProductDependency;
			package = E57FF09929653DE500E14AB9 /* XCRemoteSwiftPackageReference "RxSwift" */;
			productName = RxCocoa;
		};
		E57FF09C29653DE500E14AB9 /* RxSwift */ = {
			isa = XCSwiftPackageProductDependency;
			package = E57FF09929653DE500E14AB9 /* XCRemoteSwiftPackageReference "RxSwift" */;
			productName = RxSwift;
		};
		E57FF0A029654B7300E14AB9 /* Realm */ = {
			isa = XCSwiftPackageProductDependency;
			package = E57FF09F29654B7300E14AB9 /* XCRemoteSwiftPackageReference "realm-cocoa" */;
			productName = Realm;
		};
		E57FF0A229654B7300E14AB9 /* RealmSwift */ = {
			isa = XCSwiftPackageProductDependency;
			package = E57FF09F29654B7300E14AB9 /* XCRemoteSwiftPackageReference "realm-cocoa" */;
			productName = RealmSwift;
		};
/* End XCSwiftPackageProductDependency section */
	};
	rootObject = E578BC4C2954626900B8FDF0 /* Project object */;
}
